Microsoft Visual Studio Solution File, Format Version 12.00
# Visual Studio Version 17
VisualStudioVersion = 17.14.36414.22 d17.14
MinimumVisualStudioVersion = 10.0.40219.1
Project("{FAE04EC0-301F-11D3-BF4B-00C04F79EFBC}") = "Test2", "Test2\Test2.csproj", "{14CB66B9-82B3-4EE2-8862-7352B6003938}"
EndProject
Project("{FAE04EC0-301F-11D3-BF4B-00C04F79EFBC}") = "Test2.Tests", "Test2.Tests\Test2.Tests.csproj", "{4D75D2EC-61E4-4104-8BA5-11846C65E54D}"
EndProject
Global
        GlobalSection(SolutionConfigurationPlatforms) = preSolution
                Debug|Any CPU = Debug|Any CPU
                Release|Any CPU = Release|Any CPU
        EndGlobalSection
        GlobalSection(ProjectConfigurationPlatforms) = postSolution
                {14CB66B9-82B3-4EE2-8862-7352B6003938}.Debug|Any CPU.ActiveCfg = Debug|Any CPU
                {14CB66B9-82B3-4EE2-8862-7352B6003938}.Debug|Any CPU.Build.0 = Debug|Any CPU
                {14CB66B9-82B3-4EE2-8862-7352B6003938}.Release|Any CPU.ActiveCfg = Release|Any CPU
                {14CB66B9-82B3-4EE2-8862-7352B6003938}.Release|Any CPU.Build.0 = Release|Any CPU
                {4D75D2EC-61E4-4104-8BA5-11846C65E54D}.Debug|Any CPU.ActiveCfg = Debug|Any CPU
                {4D75D2EC-61E4-4104-8BA5-11846C65E54D}.Debug|Any CPU.Build.0 = Debug|Any CPU
                {4D75D2EC-61E4-4104-8BA5-11846C65E54D}.Release|Any CPU.ActiveCfg = Release|Any CPU
                {4D75D2EC-61E4-4104-8BA5-11846C65E54D}.Release|Any CPU.Build.0 = Release|Any CPU
        EndGlobalSection
        GlobalSection(SolutionProperties) = preSolution
                HideSolutionNode = FALSE
        EndGlobalSection
        GlobalSection(ExtensibilityGlobals) = postSolution
                SolutionGuid = {ADFDBD2C-E786-4288-8BB5-280B9A40D535}
        EndGlobalSection
EndGlobal
